{
  "version": 4,
  "terraform_version": "1.5.7",
  "serial": 32,
  "lineage": "c2844e70-881c-6c46-d629-267733a2432c",
  "outputs": {
    "public_ip_address": {
      "value": "terra-vm: 40.87.99.72",
      "type": "string"
    }
  },
  "resources": [
    {
      "mode": "data",
      "type": "azurerm_public_ip",
      "name": "terra-ip-data",
      "provider": "provider[\"registry.terraform.io/hashicorp/azurerm\"]",
      "instances": [
        {
          "schema_version": 0,
          "attributes": {
            "allocation_method": "Dynamic",
            "domain_name_label": "",
            "fqdn": "",
            "id": "/subscriptions/7fd49120-a893-40f3-89d8-7af2d0e1f19a/resourceGroups/terra-resources/providers/Microsoft.Network/publicIPAddresses/terra-ip",
            "idle_timeout_in_minutes": 4,
            "ip_address": "40.87.99.72",
            "ip_tags": {},
            "ip_version": "IPv4",
            "location": "eastus",
            "name": "terra-ip",
            "resource_group_name": "terra-resources",
            "reverse_fqdn": "",
            "sku": "Basic",
            "tags": {
              "environment": "dev"
            },
            "timeouts": null,
            "zones": []
          },
          "sensitive_attributes": []
        }
      ]
    },
    {
      "mode": "managed",
      "type": "azurerm_linux_virtual_machine",
      "name": "terra-vm",
      "provider": "provider[\"registry.terraform.io/hashicorp/azurerm\"]",
      "instances": [
        {
          "schema_version": 0,
          "attributes": {
            "additional_capabilities": [],
            "admin_password": null,
            "admin_ssh_key": [
              {
                "public_key": "ssh-rsa AAAAB3NzaC1yc2EAAAADAQABAAABgQDM5C5iB/w7DjAjz1pG1nPCSqzjOG+gE2UKD33N6BbU29zFU3123tawnx9gqisBKdm7hlY6WWEYM90P6w3jfEi5sWBJPVK7be+TMJy3YD+7E9MQBpI7apRyLFNPwLYHfT7NcqVSizFFzChGA7JyvOIUMx9onlkwWbLmWXFsMZppKpSsftW9p/L8rukbL6iRZINtOv2S8MJMZvdVYMHDyEMcI19NJyH76w6TAtA8OnOfm1OLhgo8bMzYRhEZMzcqTdVZrfNbFJBFA7rZ97ZbRSgU0sMdH8JxdUs8b+vAWpvLlznO2TjTapmPtCs+Dqw0JysH4p3xPrwdLMjQdAB/hZS30PxrjWTNUe9fq9Rooy7MqgwVFSqVVOOe7TNikYI44xyw1EpHOPxpJx3NEtnc/7tfTrEquQqHYYOGSjNfjdD8X1UB0+UJmk2e1KSYIhd9ca2HgHrtXCnbmgPYhjj3TJ+F4dwmG2w4EOgs3SQzCsc3xcJbWDnv6goLCzHHzBPsQLs= safalneupane@Safals-MacBook-Pro.local\n",
                "username": "adminuser"
              }
            ],
            "admin_username": "adminuser",
            "allow_extension_operations": true,
            "availability_set_id": "",
            "boot_diagnostics": [],
            "computer_name": "terra-vm",
            "custom_data": "IyEvYmluL2Jhc2gKc3VkbyBhcHQtZ2V0IHVwZGF0ZSAteSAmJgpzdWRvIGFwdC1nZXQgaW5zdGFsbCAteSBcCmFwdC10cmFuc3BvcnQtaHR0cHMgXApjYS1jZXJ0aWZpY2F0ZXMgXApjdXJsIFwKZ251cGctYWdlbnQgXApzb2Z0d2FyZS1wcm9wZXJ0aWVzLWNvbW1vbiAmJgpjdXJsIC1mc1NMIGh0dHBzOi8vZG93bmxvYWQuZG9ja2VyLmNvbS9saW51eC91YnVudHUvZ3BnIHwgc3VkbyBhcHQta2V5IGFkZCAtICYmCnN1ZG8gYWRkLWFwdC1yZXBvc2l0b3J5ICJkZWIgW2FyY2g9YW1kNjRdIGh0dHBzOi8vZG93bmxvYWQuZG9ja2VyLmNvbS9saW51eC91YnVudHUgJChsc2JfcmVsZWFzZSAtY3MpIHN0YWJsZSIgJiYKc3VkbyBhcHQtZ2V0IHVwZGF0ZSAteSAmJgpzdWRvIGFwdC1nZXQgaW5zdGFsbCBkb2NrZXItY2UgZG9ja2VyLWNlLWNsaSBjb250YWluZXJkLmlvIC15ICYmCnN1ZG8gdXNlcm1vZCAtYUcgZG9ja2VyIHVidW50dQo=",
            "dedicated_host_id": "",
            "disable_password_authentication": true,
            "encryption_at_host_enabled": false,
            "eviction_policy": "",
            "extensions_time_budget": "PT1H30M",
            "id": "/subscriptions/7fd49120-a893-40f3-89d8-7af2d0e1f19a/resourceGroups/terra-resources/providers/Microsoft.Compute/virtualMachines/terra-vm",
            "identity": [],
            "license_type": "",
            "location": "eastus",
            "max_bid_price": -1,
            "name": "terra-vm",
            "network_interface_ids": [
              "/subscriptions/7fd49120-a893-40f3-89d8-7af2d0e1f19a/resourceGroups/terra-resources/providers/Microsoft.Network/networkInterfaces/terra-nic"
            ],
            "os_disk": [
              {
                "caching": "ReadWrite",
                "diff_disk_settings": [],
                "disk_encryption_set_id": "",
                "disk_size_gb": 30,
                "name": "terra-vm_OsDisk_1_90e7701801924a69ac1265a848c4b73e",
                "storage_account_type": "Standard_LRS",
                "write_accelerator_enabled": false
              }
            ],
            "patch_mode": "ImageDefault",
            "plan": [],
            "platform_fault_domain": -1,
            "priority": "Regular",
            "private_ip_address": "10.123.1.4",
            "private_ip_addresses": [
              "10.123.1.4"
            ],
            "provision_vm_agent": true,
            "proximity_placement_group_id": "",
            "public_ip_address": "40.87.99.72",
            "public_ip_addresses": [
              "40.87.99.72"
            ],
            "resource_group_name": "terra-resources",
            "secret": [],
            "secure_boot_enabled": false,
            "size": "Standard_B1s",
            "source_image_id": "",
            "source_image_reference": [
              {
                "offer": "0001-com-ubuntu-server-jammy",
                "publisher": "Canonical",
                "sku": "22_04-lts",
                "version": "latest"
              }
            ],
            "tags": {},
            "timeouts": null,
            "user_data": "",
            "virtual_machine_id": "bbbcf3e8-573d-4b45-bc4d-f6790922bbb3",
            "virtual_machine_scale_set_id": "",
            "vtpm_enabled": false,
            "zone": ""
          },
          "sensitive_attributes": [],
          "private": "eyJlMmJmYjczMC1lY2FhLTExZTYtOGY4OC0zNDM2M2JjN2M0YzAiOnsiY3JlYXRlIjoyNzAwMDAwMDAwMDAwLCJkZWxldGUiOjI3MDAwMDAwMDAwMDAsInJlYWQiOjMwMDAwMDAwMDAwMCwidXBkYXRlIjoyNzAwMDAwMDAwMDAwfX0=",
          "dependencies": [
            "azurerm_network_interface.terra-nic",
            "azurerm_public_ip.terra-ip",
            "azurerm_resource_group.terra-rg",
            "azurerm_subnet.terra-subnet",
            "azurerm_virtual_network.terra-vn"
          ]
        }
      ]
    },
    {
      "mode": "managed",
      "type": "azurerm_network_interface",
      "name": "terra-nic",
      "provider": "provider[\"registry.terraform.io/hashicorp/azurerm\"]",
      "instances": [
        {
          "schema_version": 0,
          "attributes": {
            "applied_dns_servers": [],
            "dns_servers": [],
            "enable_accelerated_networking": false,
            "enable_ip_forwarding": false,
            "id": "/subscriptions/7fd49120-a893-40f3-89d8-7af2d0e1f19a/resourceGroups/terra-resources/providers/Microsoft.Network/networkInterfaces/terra-nic",
            "internal_dns_name_label": "",
            "internal_domain_name_suffix": "t03lbj2tbnpexiv3ymetvfankb.bx.internal.cloudapp.net",
            "ip_configuration": [
              {
                "gateway_load_balancer_frontend_ip_configuration_id": "",
                "name": "internal",
                "primary": true,
                "private_ip_address": "10.123.1.4",
                "private_ip_address_allocation": "Dynamic",
                "private_ip_address_version": "IPv4",
                "public_ip_address_id": "/subscriptions/7fd49120-a893-40f3-89d8-7af2d0e1f19a/resourceGroups/terra-resources/providers/Microsoft.Network/publicIPAddresses/terra-ip",
                "subnet_id": "/subscriptions/7fd49120-a893-40f3-89d8-7af2d0e1f19a/resourceGroups/terra-resources/providers/Microsoft.Network/virtualNetworks/terra-network/subnets/terra-subnet"
              }
            ],
            "location": "eastus",
            "mac_address": "00-22-48-34-86-9A",
            "name": "terra-nic",
            "private_ip_address": "10.123.1.4",
            "private_ip_addresses": [
              "10.123.1.4"
            ],
            "resource_group_name": "terra-resources",
            "tags": {
              "environment": "dev"
            },
            "timeouts": null,
            "virtual_machine_id": "/subscriptions/7fd49120-a893-40f3-89d8-7af2d0e1f19a/resourceGroups/terra-resources/providers/Microsoft.Compute/virtualMachines/terra-vm"
          },
          "sensitive_attributes": [],
          "private": "eyJlMmJmYjczMC1lY2FhLTExZTYtOGY4OC0zNDM2M2JjN2M0YzAiOnsiY3JlYXRlIjoxODAwMDAwMDAwMDAwLCJkZWxldGUiOjE4MDAwMDAwMDAwMDAsInJlYWQiOjMwMDAwMDAwMDAwMCwidXBkYXRlIjoxODAwMDAwMDAwMDAwfX0=",
          "dependencies": [
            "azurerm_public_ip.terra-ip",
            "azurerm_resource_group.terra-rg",
            "azurerm_subnet.terra-subnet",
            "azurerm_virtual_network.terra-vn"
          ]
        }
      ]
    },
    {
      "mode": "managed",
      "type": "azurerm_network_security_group",
      "name": "terra-sg",
      "provider": "provider[\"registry.terraform.io/hashicorp/azurerm\"]",
      "instances": [
        {
          "schema_version": 0,
          "attributes": {
            "id": "/subscriptions/7fd49120-a893-40f3-89d8-7af2d0e1f19a/resourceGroups/terra-resources/providers/Microsoft.Network/networkSecurityGroups/terra-sg",
            "location": "eastus",
            "name": "terra-sg",
            "resource_group_name": "terra-resources",
            "security_rule": [
              {
                "access": "Allow",
                "description": "",
                "destination_address_prefix": "*",
                "destination_address_prefixes": [],
                "destination_application_security_group_ids": [],
                "destination_port_range": "*",
                "destination_port_ranges": [],
                "direction": "Inbound",
                "name": "terra-dev-rule",
                "priority": 100,
                "protocol": "*",
                "source_address_prefix": "*",
                "source_address_prefixes": [],
                "source_application_security_group_ids": [],
                "source_port_range": "*",
                "source_port_ranges": []
              }
            ],
            "tags": {
              "environment": "dev"
            },
            "timeouts": null
          },
          "sensitive_attributes": [],
          "private": "eyJlMmJmYjczMC1lY2FhLTExZTYtOGY4OC0zNDM2M2JjN2M0YzAiOnsiY3JlYXRlIjoxODAwMDAwMDAwMDAwLCJkZWxldGUiOjE4MDAwMDAwMDAwMDAsInJlYWQiOjMwMDAwMDAwMDAwMCwidXBkYXRlIjoxODAwMDAwMDAwMDAwfX0=",
          "dependencies": [
            "azurerm_resource_group.terra-rg"
          ]
        }
      ]
    },
    {
      "mode": "managed",
      "type": "azurerm_network_security_rule",
      "name": "terra-dev-rule",
      "provider": "provider[\"registry.terraform.io/hashicorp/azurerm\"]",
      "instances": [
        {
          "schema_version": 0,
          "attributes": {
            "access": "Allow",
            "description": "",
            "destination_address_prefix": "*",
            "destination_address_prefixes": [],
            "destination_application_security_group_ids": [],
            "destination_port_range": "*",
            "destination_port_ranges": [],
            "direction": "Inbound",
            "id": "/subscriptions/7fd49120-a893-40f3-89d8-7af2d0e1f19a/resourceGroups/terra-resources/providers/Microsoft.Network/networkSecurityGroups/terra-sg/securityRules/terra-dev-rule",
            "name": "terra-dev-rule",
            "network_security_group_name": "terra-sg",
            "priority": 100,
            "protocol": "*",
            "resource_group_name": "terra-resources",
            "source_address_prefix": "*",
            "source_address_prefixes": [],
            "source_application_security_group_ids": [],
            "source_port_range": "*",
            "source_port_ranges": [],
            "timeouts": null
          },
          "sensitive_attributes": [],
          "private": "eyJlMmJmYjczMC1lY2FhLTExZTYtOGY4OC0zNDM2M2JjN2M0YzAiOnsiY3JlYXRlIjoxODAwMDAwMDAwMDAwLCJkZWxldGUiOjE4MDAwMDAwMDAwMDAsInJlYWQiOjMwMDAwMDAwMDAwMCwidXBkYXRlIjoxODAwMDAwMDAwMDAwfX0=",
          "dependencies": [
            "azurerm_network_security_group.terra-sg",
            "azurerm_resource_group.terra-rg"
          ]
        }
      ]
    },
    {
      "mode": "managed",
      "type": "azurerm_public_ip",
      "name": "terra-ip",
      "provider": "provider[\"registry.terraform.io/hashicorp/azurerm\"]",
      "instances": [
        {
          "schema_version": 0,
          "attributes": {
            "allocation_method": "Dynamic",
            "availability_zone": "No-Zone",
            "domain_name_label": null,
            "fqdn": null,
            "id": "/subscriptions/7fd49120-a893-40f3-89d8-7af2d0e1f19a/resourceGroups/terra-resources/providers/Microsoft.Network/publicIPAddresses/terra-ip",
            "idle_timeout_in_minutes": 4,
            "ip_address": "40.87.99.72",
            "ip_tags": {},
            "ip_version": "IPv4",
            "location": "eastus",
            "name": "terra-ip",
            "public_ip_prefix_id": null,
            "resource_group_name": "terra-resources",
            "reverse_fqdn": null,
            "sku": "Basic",
            "sku_tier": "Regional",
            "tags": {
              "environment": "dev"
            },
            "timeouts": null,
            "zones": []
          },
          "sensitive_attributes": [],
          "private": "eyJlMmJmYjczMC1lY2FhLTExZTYtOGY4OC0zNDM2M2JjN2M0YzAiOnsiY3JlYXRlIjoxODAwMDAwMDAwMDAwLCJkZWxldGUiOjE4MDAwMDAwMDAwMDAsInJlYWQiOjMwMDAwMDAwMDAwMCwidXBkYXRlIjoxODAwMDAwMDAwMDAwfX0=",
          "dependencies": [
            "azurerm_resource_group.terra-rg"
          ]
        }
      ]
    },
    {
      "mode": "managed",
      "type": "azurerm_resource_group",
      "name": "terra-rg",
      "provider": "provider[\"registry.terraform.io/hashicorp/azurerm\"]",
      "instances": [
        {
          "schema_version": 0,
          "attributes": {
            "id": "/subscriptions/7fd49120-a893-40f3-89d8-7af2d0e1f19a/resourceGroups/terra-resources",
            "location": "eastus",
            "name": "terra-resources",
            "tags": {
              "environment": "dev"
            },
            "timeouts": null
          },
          "sensitive_attributes": [],
          "private": "eyJlMmJmYjczMC1lY2FhLTExZTYtOGY4OC0zNDM2M2JjN2M0YzAiOnsiY3JlYXRlIjo1NDAwMDAwMDAwMDAwLCJkZWxldGUiOjU0MDAwMDAwMDAwMDAsInJlYWQiOjMwMDAwMDAwMDAwMCwidXBkYXRlIjo1NDAwMDAwMDAwMDAwfX0="
        }
      ]
    },
    {
      "mode": "managed",
      "type": "azurerm_subnet",
      "name": "terra-subnet",
      "provider": "provider[\"registry.terraform.io/hashicorp/azurerm\"]",
      "instances": [
        {
          "schema_version": 0,
          "attributes": {
            "address_prefix": "10.123.1.0/24",
            "address_prefixes": [
              "10.123.1.0/24"
            ],
            "delegation": [],
            "enforce_private_link_endpoint_network_policies": false,
            "enforce_private_link_service_network_policies": false,
            "id": "/subscriptions/7fd49120-a893-40f3-89d8-7af2d0e1f19a/resourceGroups/terra-resources/providers/Microsoft.Network/virtualNetworks/terra-network/subnets/terra-subnet",
            "name": "terra-subnet",
            "resource_group_name": "terra-resources",
            "service_endpoint_policy_ids": [],
            "service_endpoints": [],
            "timeouts": null,
            "virtual_network_name": "terra-network"
          },
          "sensitive_attributes": [],
          "private": "eyJlMmJmYjczMC1lY2FhLTExZTYtOGY4OC0zNDM2M2JjN2M0YzAiOnsiY3JlYXRlIjoxODAwMDAwMDAwMDAwLCJkZWxldGUiOjE4MDAwMDAwMDAwMDAsInJlYWQiOjMwMDAwMDAwMDAwMCwidXBkYXRlIjoxODAwMDAwMDAwMDAwfX0=",
          "dependencies": [
            "azurerm_resource_group.terra-rg",
            "azurerm_virtual_network.terra-vn"
          ]
        }
      ]
    },
    {
      "mode": "managed",
      "type": "azurerm_subnet_network_security_group_association",
      "name": "terra-sga",
      "provider": "provider[\"registry.terraform.io/hashicorp/azurerm\"]",
      "instances": [
        {
          "schema_version": 0,
          "attributes": {
            "id": "/subscriptions/7fd49120-a893-40f3-89d8-7af2d0e1f19a/resourceGroups/terra-resources/providers/Microsoft.Network/virtualNetworks/terra-network/subnets/terra-subnet",
            "network_security_group_id": "/subscriptions/7fd49120-a893-40f3-89d8-7af2d0e1f19a/resourceGroups/terra-resources/providers/Microsoft.Network/networkSecurityGroups/terra-sg",
            "subnet_id": "/subscriptions/7fd49120-a893-40f3-89d8-7af2d0e1f19a/resourceGroups/terra-resources/providers/Microsoft.Network/virtualNetworks/terra-network/subnets/terra-subnet",
            "timeouts": null
          },
          "sensitive_attributes": [],
          "private": "eyJlMmJmYjczMC1lY2FhLTExZTYtOGY4OC0zNDM2M2JjN2M0YzAiOnsiY3JlYXRlIjoxODAwMDAwMDAwMDAwLCJkZWxldGUiOjE4MDAwMDAwMDAwMDAsInJlYWQiOjMwMDAwMDAwMDAwMCwidXBkYXRlIjoxODAwMDAwMDAwMDAwfX0=",
          "dependencies": [
            "azurerm_network_security_group.terra-sg",
            "azurerm_resource_group.terra-rg",
            "azurerm_subnet.terra-subnet",
            "azurerm_virtual_network.terra-vn"
          ]
        }
      ]
    },
    {
      "mode": "managed",
      "type": "azurerm_virtual_network",
      "name": "terra-vn",
      "provider": "provider[\"registry.terraform.io/hashicorp/azurerm\"]",
      "instances": [
        {
          "schema_version": 0,
          "attributes": {
            "address_space": [
              "10.123.0.0/16"
            ],
            "bgp_community": "",
            "ddos_protection_plan": [],
            "dns_servers": [],
            "flow_timeout_in_minutes": 0,
            "guid": "a7b0ba9e-0b93-4b5e-a2bd-c3093a940d51",
            "id": "/subscriptions/7fd49120-a893-40f3-89d8-7af2d0e1f19a/resourceGroups/terra-resources/providers/Microsoft.Network/virtualNetworks/terra-network",
            "location": "eastus",
            "name": "terra-network",
            "resource_group_name": "terra-resources",
            "subnet": [
              {
                "address_prefix": "10.123.1.0/24",
                "id": "/subscriptions/7fd49120-a893-40f3-89d8-7af2d0e1f19a/resourceGroups/terra-resources/providers/Microsoft.Network/virtualNetworks/terra-network/subnets/terra-subnet",
                "name": "terra-subnet",
                "security_group": "/subscriptions/7fd49120-a893-40f3-89d8-7af2d0e1f19a/resourceGroups/terra-resources/providers/Microsoft.Network/networkSecurityGroups/terra-sg"
              }
            ],
            "tags": {
              "environment": "dev"
            },
            "timeouts": null,
            "vm_protection_enabled": false
          },
          "sensitive_attributes": [],
          "private": "eyJlMmJmYjczMC1lY2FhLTExZTYtOGY4OC0zNDM2M2JjN2M0YzAiOnsiY3JlYXRlIjoxODAwMDAwMDAwMDAwLCJkZWxldGUiOjE4MDAwMDAwMDAwMDAsInJlYWQiOjMwMDAwMDAwMDAwMCwidXBkYXRlIjoxODAwMDAwMDAwMDAwfX0=",
          "dependencies": [
            "azurerm_resource_group.terra-rg"
          ]
        }
      ]
    }
  ],
  "check_results": null
}
